// !$*UTF8*$!
{
	archiveVersion = 1;
	classes = {
	};
	objectVersion = 50;
	objects = {

/* Begin PBXBuildFile section */
		71E29A2620996813008D752A /* AppDelegate.m in Sources */ = {isa = PBXBuildFile; fileRef = 71E29A2520996813008D752A /* AppDelegate.m */; };
		71E29A2920996813008D752A /* ViewController.m in Sources */ = {isa = PBXBuildFile; fileRef = 71E29A2820996813008D752A /* ViewController.m */; };
		71E29A2C20996813008D752A /* Main.storyboard in Resources */ = {isa = PBXBuildFile; fileRef = 71E29A2A20996813008D752A /* Main.storyboard */; };
		71E29A2E20996814008D752A /* Assets.xcassets in Resources */ = {isa = PBXBuildFile; fileRef = 71E29A2D20996814008D752A /* Assets.xcassets */; };
		71E29A3120996814008D752A /* LaunchScreen.storyboard in Resources */ = {isa = PBXBuildFile; fileRef = 71E29A2F20996814008D752A /* LaunchScreen.storyboard */; };
		71E29A3420996814008D752A /* main.m in Sources */ = {isa = PBXBuildFile; fileRef = 71E29A3320996814008D752A /* main.m */; };
		71E29A3D2099682A008D752A /* WFViewController.m in Sources */ = {isa = PBXBuildFile; fileRef = 71E29A3C2099682A008D752A /* WFViewController.m */; };
		71E29A402099683B008D752A /* WFNavigationController.m in Sources */ = {isa = PBXBuildFile; fileRef = 71E29A3F2099683B008D752A /* WFNavigationController.m */; };
		71E29A43209968D2008D752A /* WFTableViewController.m in Sources */ = {isa = PBXBuildFile; fileRef = 71E29A42209968D2008D752A /* WFTableViewController.m */; };
		71E29A46209968DD008D752A /* WFCollectionViewController.m in Sources */ = {isa = PBXBuildFile; fileRef = 71E29A45209968DD008D752A /* WFCollectionViewController.m */; };
		71E29A4920998A00008D752A /* WFDataController.m in Sources */ = {isa = PBXBuildFile; fileRef = 71E29A4820998A00008D752A /* WFDataController.m */; };
		71E29A6020999295008D752A /* WFScrollViewController.m in Sources */ = {isa = PBXBuildFile; fileRef = 71E29A5F20999295008D752A /* WFScrollViewController.m */; };
/* End PBXBuildFile section */

/* Begin PBXFileReference section */
		71E29A2120996813008D752A /* WFBaseClasses.app */ = {isa = PBXFileReference; explicitFileType = wrapper.application; includeInIndex = 0; path = WFBaseClasses.app; sourceTree = BUILT_PRODUCTS_DIR; };
		71E29A2420996813008D752A /* AppDelegate.h */ = {isa = PBXFileReference; lastKnownFileType = sourcecode.c.h; path = AppDelegate.h; sourceTree = "<group>"; };
		71E29A2520996813008D752A /* AppDelegate.m */ = {isa = PBXFileReference; lastKnownFileType = sourcecode.c.objc; path = AppDelegate.m; sourceTree = "<group>"; };
		71E29A2720996813008D752A /* ViewController.h */ = {isa = PBXFileReference; lastKnownFileType = sourcecode.c.h; path = ViewController.h; sourceTree = "<group>"; };
		71E29A2820996813008D752A /* ViewController.m */ = {isa = PBXFileReference; lastKnownFileType = sourcecode.c.objc; path = ViewController.m; sourceTree = "<group>"; };
		71E29A2B20996813008D752A /* Base */ = {isa = PBXFileReference; lastKnownFileType = file.storyboard; name = Base; path = Base.lproj/Main.storyboard; sourceTree = "<group>"; };
		71E29A2D20996814008D752A /* Assets.xcassets */ = {isa = PBXFileReference; lastKnownFileType = folder.assetcatalog; path = Assets.xcassets; sourceTree = "<group>"; };
		71E29A3020996814008D752A /* Base */ = {isa = PBXFileReference; lastKnownFileType = file.storyboard; name = Base; path = Base.lproj/LaunchScreen.storyboard; sourceTree = "<group>"; };
		71E29A3220996814008D752A /* Info.plist */ = {isa = PBXFileReference; lastKnownFileType = text.plist.xml; path = Info.plist; sourceTree = "<group>"; };
		71E29A3320996814008D752A /* main.m */ = {isa = PBXFileReference; lastKnownFileType = sourcecode.c.objc; path = main.m; sourceTree = "<group>"; };
		71E29A3B2099682A008D752A /* WFViewController.h */ = {isa = PBXFileReference; lastKnownFileType = sourcecode.c.h; path = WFViewController.h; sourceTree = "<group>"; };
		71E29A3C2099682A008D752A /* WFViewController.m */ = {isa = PBXFileReference; lastKnownFileType = sourcecode.c.objc; path = WFViewController.m; sourceTree = "<group>"; };
		71E29A3E2099683B008D752A /* WFNavigationController.h */ = {isa = PBXFileReference; lastKnownFileType = sourcecode.c.h; path = WFNavigationController.h; sourceTree = "<group>"; };
		71E29A3F2099683B008D752A /* WFNavigationController.m */ = {isa = PBXFileReference; lastKnownFileType = sourcecode.c.objc; path = WFNavigationController.m; sourceTree = "<group>"; };
		71E29A41209968D2008D752A /* WFTableViewController.h */ = {isa = PBXFileReference; lastKnownFileType = sourcecode.c.h; path = WFTableViewController.h; sourceTree = "<group>"; };
		71E29A42209968D2008D752A /* WFTableViewController.m */ = {isa = PBXFileReference; lastKnownFileType = sourcecode.c.objc; path = WFTableViewController.m; sourceTree = "<group>"; };
		71E29A44209968DD008D752A /* WFCollectionViewController.h */ = {isa = PBXFileReference; lastKnownFileType = sourcecode.c.h; path = WFCollectionViewController.h; sourceTree = "<group>"; };
		71E29A45209968DD008D752A /* WFCollectionViewController.m */ = {isa = PBXFileReference; lastKnownFileType = sourcecode.c.objc; path = WFCollectionViewController.m; sourceTree = "<group>"; };
		71E29A4720998A00008D752A /* WFDataController.h */ = {isa = PBXFileReference; lastKnownFileType = sourcecode.c.h; path = WFDataController.h; sourceTree = "<group>"; };
		71E29A4820998A00008D752A /* WFDataController.m */ = {isa = PBXFileReference; lastKnownFileType = sourcecode.c.objc; path = WFDataController.m; sourceTree = "<group>"; };
		71E29A5E20999295008D752A /* WFScrollViewController.h */ = {isa = PBXFileReference; lastKnownFileType = sourcecode.c.h; path = WFScrollViewController.h; sourceTree = "<group>"; };
		71E29A5F20999295008D752A /* WFScrollViewController.m */ = {isa = PBXFileReference; lastKnownFileType = sourcecode.c.objc; path = WFScrollViewController.m; sourceTree = "<group>"; };
/* End PBXFileReference section */

/* Begin PBXFrameworksBuildPhase section */
		71E29A1E20996813008D752A /* Frameworks */ = {
			isa = PBXFrameworksBuildPhase;
			buildActionMask = 2147483647;
			files = (
			);
			runOnlyForDeploymentPostprocessing = 0;
		};
/* End PBXFrameworksBuildPhase section */

/* Begin PBXGroup section */
		71E29A1820996813008D752A = {
			isa = PBXGroup;
			children = (
				71E29A2320996813008D752A /* WFBaseClasses */,
				71E29A2220996813008D752A /* Products */,
			);
			sourceTree = "<group>";
		};
		71E29A2220996813008D752A /* Products */ = {
			isa = PBXGroup;
			children = (
				71E29A2120996813008D752A /* WFBaseClasses.app */,
			);
			name = Products;
			sourceTree = "<group>";
		};
		71E29A2320996813008D752A /* WFBaseClasses */ = {
			isa = PBXGroup;
			children = (
				71E29A3A2099681A008D752A /* Classes */,
				71E29A2420996813008D752A /* AppDelegate.h */,
				71E29A2520996813008D752A /* AppDelegate.m */,
				71E29A2720996813008D752A /* ViewController.h */,
				71E29A2820996813008D752A /* ViewController.m */,
				71E29A2A20996813008D752A /* Main.storyboard */,
				71E29A2D20996814008D752A /* Assets.xcassets */,
				71E29A2F20996814008D752A /* LaunchScreen.storyboard */,
				71E29A3220996814008D752A /* Info.plist */,
				71E29A3320996814008D752A /* main.m */,
			);
			path = WFBaseClasses;
			sourceTree = "<group>";
		};
		71E29A3A2099681A008D752A /* Classes */ = {
			isa = PBXGroup;
			children = (
				71E29A3B2099682A008D752A /* WFViewController.h */,
				71E29A3C2099682A008D752A /* WFViewController.m */,
				71E29A3E2099683B008D752A /* WFNavigationController.h */,
				71E29A3F2099683B008D752A /* WFNavigationController.m */,
				71E29A41209968D2008D752A /* WFTableViewController.h */,
				71E29A42209968D2008D752A /* WFTableViewController.m */,
				71E29A44209968DD008D752A /* WFCollectionViewController.h */,
				71E29A45209968DD008D752A /* WFCollectionViewController.m */,
				71E29A4720998A00008D752A /* WFDataController.h */,
				71E29A4820998A00008D752A /* WFDataController.m */,
				71E29A5E20999295008D752A /* WFScrollViewController.h */,
				71E29A5F20999295008D752A /* WFScrollViewController.m */,
			);
			path = Classes;
			sourceTree = "<group>";
		};
/* End PBXGroup section */

/* Begin PBXNativeTarget section */
		71E29A2020996813008D752A /* WFBaseClasses */ = {
			isa = PBXNativeTarget;
			buildConfigurationList = 71E29A3720996814008D752A /* Build configuration list for PBXNativeTarget "WFBaseClasses" */;
			buildPhases = (
				71E29A1D20996813008D752A /* Sources */,
				71E29A1E20996813008D752A /* Frameworks */,
				71E29A1F20996813008D752A /* Resources */,
			);
			buildRules = (
			);
			dependencies = (
			);
			name = WFBaseClasses;
			productName = WFBaseClasses;
			productReference = 71E29A2120996813008D752A /* WFBaseClasses.app */;
			productType = "com.apple.product-type.application";
		};
/* End PBXNativeTarget section */

/* Begin PBXProject section */
		71E29A1920996813008D752A /* Project object */ = {
			isa = PBXProject;
			attributes = {
				LastUpgradeCheck = 0930;
				ORGANIZATIONNAME = Wefint;
				TargetAttributes = {
					71E29A2020996813008D752A = {
						CreatedOnToolsVersion = 9.3;
					};
				};
			};
			buildConfigurationList = 71E29A1C20996813008D752A /* Build configuration list for PBXProject "WFBaseClasses" */;
			compatibilityVersion = "Xcode 9.3";
			developmentRegion = en;
			hasScannedForEncodings = 0;
			knownRegions = (
				en,
				Base,
			);
			mainGroup = 71E29A1820996813008D752A;
			productRefGroup = 71E29A2220996813008D752A /* Products */;
			projectDirPath = "";
			projectRoot = "";
			targets = (
				71E29A2020996813008D752A /* WFBaseClasses */,
			);
		};
/* End PBXProject section */

/* Begin PBXResourcesBuildPhase section */
		71E29A1F20996813008D752A /* Resources */ = {
			isa = PBXResourcesBuildPhase;
			buildActionMask = 2147483647;
			files = (
				71E29A3120996814008D752A /* LaunchScreen.storyboard in Resources */,
				71E29A2E20996814008D752A /* Assets.xcassets in Resources */,
				71E29A2C20996813008D752A /* Main.storyboard in Resources */,
			);
			runOnlyForDeploymentPostprocessing = 0;
		};
/* End PBXResourcesBuildPhase section */

/* Begin PBXSourcesBuildPhase section */
		71E29A1D20996813008D752A /* Sources */ = {
			isa = PBXSourcesBuildPhase;
			buildActionMask = 2147483647;
			files = (
				71E29A4920998A00008D752A /* WFDataController.m in Sources */,
				71E29A43209968D2008D752A /* WFTableViewController.m in Sources */,
				71E29A2920996813008D752A /* ViewController.m in Sources */,
				71E29A6020999295008D752A /* WFScrollViewController.m in Sources */,
				71E29A3D2099682A008D752A /* WFViewController.m in Sources */,
				71E29A3420996814008D752A /* main.m in Sources */,
				71E29A2620996813008D752A /* AppDelegate.m in Sources */,
				71E29A46209968DD008D752A /* WFCollectionViewController.m in Sources */,
				71E29A402099683B008D752A /* WFNavigationController.m in Sources */,
			);
			runOnlyForDeploymentPostprocessing = 0;
		};
/* End PBXSourcesBuildPhase section */

/* Begin PBXVariantGroup section */
		71E29A2A20996813008D752A /* Main.storyboard */ = {
			isa = PBXVariantGroup;
			children = (
				71E29A2B20996813008D752A /* Base */,
			);
			name = Main.storyboard;
			sourceTree = "<group>";
		};
		71E29A2F20996814008D752A /* LaunchScreen.storyboard */ = {
			isa = PBXVariantGroup;
			children = (
				71E29A3020996814008D752A /* Base */,
			);
			name = LaunchScreen.storyboard;
			sourceTree = "<group>";
		};
/* End PBXVariantGroup section */

/* Begin XCBuildConfiguration section */
		71E29A3520996814008D752A /* Debug */ = {
			isa = XCBuildConfiguration;
			buildSettings = {
				ALWAYS_SEARCH_USER_PATHS = NO;
				CLANG_ANALYZER_NONNULL = YES;
				CLANG_ANALYZER_NUMBER_OBJECT_CONVERSION = YES_AGGRESSIVE;
				CLANG_CXX_LANGUAGE_STANDARD = "gnu++14";
				CLANG_CXX_LIBRARY = "libc++";
				CLANG_ENABLE_MODULES = YES;
				CLANG_ENABLE_OBJC_ARC = YES;
				CLANG_ENABLE_OBJC_WEAK = YES;
				CLANG_WARN_BLOCK_CAPTURE_AUTORELEASING = YES;
				CLANG_WARN_BOOL_CONVERSION = YES;
				CLANG_WARN_COMMA = YES;
				CLANG_WARN_CONSTANT_CONVERSION = YES;
				CLANG_WARN_DEPRECATED_OBJC_IMPLEMENTATIONS = YES;
				CLANG_WARN_DIRECT_OBJC_ISA_USAGE = YES_ERROR;
				CLANG_WARN_DOCUMENTATION_COMMENTS = YES;
				CLANG_WARN_EMPTY_BODY = YES;
				CLANG_WARN_ENUM_CONVERSION = YES;
				CLANG_WARN_INFINITE_RECURSION = YES;
				CLANG_WARN_INT_CONVERSION = YES;
				CLANG_WARN_NON_LITERAL_NULL_CONVERSION = YES;
				CLANG_WARN_OBJC_IMPLICIT_RETAIN_SELF = YES;
				CLANG_WARN_OBJC_LITERAL_CONVERSION = YES;
				CLANG_WARN_OBJC_ROOT_CLASS = YES_ERROR;
				CLANG_WARN_RANGE_LOOP_ANALYSIS = YES;
				CLANG_WARN_STRICT_PROTOTYPES = YES;
				CLANG_WARN_SUSPICIOUS_MOVE = YES;
				CLANG_WARN_UNGUARDED_AVAILABILITY = YES_AGGRESSIVE;
				CLANG_WARN_UNREACHABLE_CODE = YES;
				CLANG_WARN__DUPLICATE_METHOD_MATCH = YES;
				CODE_SIGN_IDENTITY = "iPhone Developer";
				COPY_PHASE_STRIP = NO;
				DEBUG_INFORMATION_FORMAT = dwarf;
				ENABLE_STRICT_OBJC_MSGSEND = YES;
				ENABLE_TESTABILITY = YES;
				GCC_C_LANGUAGE_STANDARD = gnu11;
				GCC_DYNAMIC_NO_PIC = NO;
				GCC_NO_COMMON_BLOCKS = YES;
				GCC_OPTIMIZATION_LEVEL = 0;
				GCC_PREPROCESSOR_DEFINITIONS = (
					"DEBUG=1",
					"$(inherited)",
				);
				GCC_WARN_64_TO_32_BIT_CONVERSION = YES;
				GCC_WARN_ABOUT_RETURN_TYPE = YES_ERROR;
				GCC_WARN_UNDECLARED_SELECTOR = YES;
				GCC_WARN_UNINITIALIZED_AUTOS = YES_AGGRESSIVE;
				GCC_WARN_UNUSED_FUNCTION = YES;
				GCC_WARN_UNUSED_VARIABLE = YES;
				IPHONEOS_DEPLOYMENT_TARGET = 11.3;
				MTL_ENABLE_DEBUG_INFO = YES;
				ONLY_ACTIVE_ARCH = YES;
				SDKROOT = iphoneos;
			};
			name = Debug;
		};
		71E29A3620996814008D752A /* Release */ = {
			isa = XCBuildConfiguration;
			buildSettings = {
				ALWAYS_SEARCH_USER_PATHS = NO;
				CLANG_ANALYZER_NONNULL = YES;
				CLANG_ANALYZER_NUMBER_OBJECT_CONVERSION = YES_AGGRESSIVE;
				CLANG_CXX_LANGUAGE_STANDARD = "gnu++14";
				CLANG_CXX_LIBRARY = "libc++";
				CLANG_ENABLE_MODULES = YES;
				CLANG_ENABLE_OBJC_ARC = YES;
				CLANG_ENABLE_OBJC_WEAK = YES;
				CLANG_WARN_BLOCK_CAPTURE_AUTORELEASING = YES;
				CLANG_WARN_BOOL_CONVERSION = YES;
				CLANG_WARN_COMMA = YES;
				CLANG_WARN_CONSTANT_CONVERSION = YES;
				CLANG_WARN_DEPRECATED_OBJC_IMPLEMENTATIONS = YES;
				CLANG_WARN_DIRECT_OBJC_ISA_USAGE = YES_ERROR;
				CLANG_WARN_DOCUMENTATION_COMMENTS = YES;
				CLANG_WARN_EMPTY_BODY = YES;
				CLANG_WARN_ENUM_CONVERSION = YES;
				CLANG_WARN_INFINITE_RECURSION = YES;
				CLANG_WARN_INT_CONVERSION = YES;
				CLANG_WARN_NON_LITERAL_NULL_CONVERSION = YES;
				CLANG_WARN_OBJC_IMPLICIT_RETAIN_SELF = YES;
				CLANG_WARN_OBJC_LITERAL_CONVERSION = YES;
				CLANG_WARN_OBJC_ROOT_CLASS = YES_ERROR;
				CLANG_WARN_RANGE_LOOP_ANALYSIS = YES;
				CLANG_WARN_STRICT_PROTOTYPES = YES;
				CLANG_WARN_SUSPICIOUS_MOVE = YES;
				CLANG_WARN_UNGUARDED_AVAILABILITY = YES_AGGRESSIVE;
				CLANG_WARN_UNREACHABLE_CODE = YES;
				CLANG_WARN__DUPLICATE_METHOD_MATCH = YES;
				CODE_SIGN_IDENTITY = "iPhone Developer";
				COPY_PHASE_STRIP = NO;
				DEBUG_INFORMATION_FORMAT = "dwarf-with-dsym";
				ENABLE_NS_ASSERTIONS = NO;
				ENABLE_STRICT_OBJC_MSGSEND = YES;
				GCC_C_LANGUAGE_STANDARD = gnu11;
				GCC_NO_COMMON_BLOCKS = YES;
				GCC_WARN_64_TO_32_BIT_CONVERSION = YES;
				GCC_WARN_ABOUT_RETURN_TYPE = YES_ERROR;
				GCC_WARN_UNDECLARED_SELECTOR = YES;
				GCC_WARN_UNINITIALIZED_AUTOS = YES_AGGRESSIVE;
				GCC_WARN_UNUSED_FUNCTION = YES;
				GCC_WARN_UNUSED_VARIABLE = YES;
				IPHONEOS_DEPLOYMENT_TARGET = 11.3;
				MTL_ENABLE_DEBUG_INFO = NO;
				SDKROOT = iphoneos;
				VALIDATE_PRODUCT = YES;
			};
			name = Release;
		};
		71E29A3820996814008D752A /* Debug */ = {
			isa = XCBuildConfiguration;
			buildSettings = {
				ASSETCATALOG_COMPILER_APPICON_NAME = AppIcon;
				CODE_SIGN_STYLE = Automatic;
				DEVELOPMENT_TEAM = P3TLKYGT4Z;
				INFOPLIST_FILE = WFBaseClasses/Info.plist;
				LD_RUNPATH_SEARCH_PATHS = (
					"$(inherited)",
					"@executable_path/Frameworks",
				);
				PRODUCT_BUNDLE_IDENTIFIER = com.wefint.WFBaseClasses;
				PRODUCT_NAME = "$(TARGET_NAME)";
				TARGETED_DEVICE_FAMILY = "1,2";
			};
			name = Debug;
		};
		71E29A3920996814008D752A /* Release */ = {
			isa = XCBuildConfiguration;
			buildSettings = {
				ASSETCATALOG_COMPILER_APPICON_NAME = AppIcon;
				CODE_SIGN_STYLE = Automatic;
				DEVELOPMENT_TEAM = P3TLKYGT4Z;
				INFOPLIST_FILE = WFBaseClasses/Info.plist;
				LD_RUNPATH_SEARCH_PATHS = (
					"$(inherited)",
					"@executable_path/Frameworks",
				);
				PRODUCT_BUNDLE_IDENTIFIER = com.wefint.WFBaseClasses;
				PRODUCT_NAME = "$(TARGET_NAME)";
				TARGETED_DEVICE_FAMILY = "1,2";
			};
			name = Release;
		};
/* End XCBuildConfiguration section */

/* Begin XCConfigurationList section */
		71E29A1C20996813008D752A /* Build configuration list for PBXProject "WFBaseClasses" */ = {
			isa = XCConfigurationList;
			buildConfigurations = (
				71E29A3520996814008D752A /* Debug */,
				71E29A3620996814008D752A /* Release */,
			);
			defaultConfigurationIsVisible = 0;
			defaultConfigurationName = Release;
		};
		71E29A3720996814008D752A /* Build configuration list for PBXNativeTarget "WFBaseClasses" */ = {
			isa = XCConfigurationList;
			buildConfigurations = (
				71E29A3820996814008D752A /* Debug */,
				71E29A3920996814008D752A /* Release */,
			);
			defaultConfigurationIsVisible = 0;
			defaultConfigurationName = Release;
		};
/* End XCConfigurationList section */
	};
	rootObject = 71E29A1920996813008D752A /* Project object */;
}
